# THIS IS AN AUTOGENERATED FILE. DO NOT EDIT THIS FILE DIRECTLY.
# yarn lockfile v1


ansi-styles@^3.1.0:
  version "3.2.0"
  resolved "https://repo.savicontrols.com/ansi-styles/-/ansi-styles-3.2.0.tgz#c159b8d5be0f9e5a6f346dab94f16ce022161b88"
  dependencies:
    color-convert "^1.9.0"

avvio@3.0.x:
  version "3.0.0"
  resolved "https://repo.savicontrols.com/avvio/-/avvio-3.0.0.tgz#952c7e2dd182c8dae413fdf65af4edba8b91ddde"
  dependencies:
    debug "^3.1.0"
    fastq "^1.5.0"

bloomrun@4.0.x:
  version "4.0.0"
  resolved "https://repo.savicontrols.com/bloomrun/-/bloomrun-4.0.0.tgz#350d06b0aa26bdee4e50de64ee5cb0d7e61300a5"
  dependencies:
    sorted-array-functions "^1.0.0"

boom@5.x.x:
  version "5.2.0"
  resolved "https://repo.savicontrols.com/boom/-/boom-5.2.0.tgz#5dd9da6ee3a5f302077436290cb717d3f4a54e02"
  dependencies:
    hoek "4.x.x"

chalk@^2.0.1:
  version "2.3.0"
  resolved "https://repo.savicontrols.com/chalk/-/chalk-2.3.0.tgz#b5ea48efc9c1793dccc9b4767c93914d3f2d52ba"
  dependencies:
    ansi-styles "^3.1.0"
    escape-string-regexp "^1.0.5"
    supports-color "^4.0.0"

color-convert@^1.9.0:
  version "1.9.0"
  resolved "https://repo.savicontrols.com/color-convert/-/color-convert-1.9.0.tgz#1accf97dd739b983bf994d56fec8f95853641b7a"
  dependencies:
    color-name "^1.1.1"

color-name@^1.1.1:
  version "1.1.3"
  resolved "https://repo.savicontrols.com/color-name/-/color-name-1.1.3.tgz#a7d0558bd89c42f795dd42328f740831ca53bc25"

core-util-is@~1.0.0:
  version "1.0.2"
  resolved "https://repo.savicontrols.com/core-util-is/-/core-util-is-1.0.2.tgz#b5fd54220aa2bc5ab57aab7140c940754503c1a7"

debug@^3.1.0:
  version "3.1.0"
  resolved "https://repo.savicontrols.com/debug/-/debug-3.1.0.tgz#5bb5a0672628b64149566ba16819e61518c67261"
  dependencies:
    ms "2.0.0"

dotenv@^4.0.0:
  version "4.0.0"
  resolved "https://repo.savicontrols.com/dotenv/-/dotenv-4.0.0.tgz#864ef1379aced55ce6f95debecdce179f7a0cd1d"

end-of-stream@^1.1.0:
  version "1.4.0"
  resolved "https://repo.savicontrols.com/end-of-stream/-/end-of-stream-1.4.0.tgz#7a90d833efda6cfa6eac0f4949dbb0fad3a63206"
  dependencies:
    once "^1.4.0"

errio@1.2.x:
  version "1.2.2"
  resolved "https://repo.savicontrols.com/errio/-/errio-1.2.2.tgz#2430afa66fa6dc363db588c3d83c4407a85d0255"

escape-string-regexp@^1.0.5:
  version "1.0.5"
  resolved "https://repo.savicontrols.com/escape-string-regexp/-/escape-string-regexp-1.0.5.tgz#1b61c0562190a8dff6ae3bb2cf0200ca130b86d4"

fast-json-parse@^1.0.0:
  version "1.0.3"
  resolved "https://repo.savicontrols.com/fast-json-parse/-/fast-json-parse-1.0.3.tgz#43e5c61ee4efa9265633046b770fb682a7577c4d"

fast-safe-stringify@1.2.x, fast-safe-stringify@^1.0.8, fast-safe-stringify@^1.1.11:
  version "1.2.1"
  resolved "https://repo.savicontrols.com/fast-safe-stringify/-/fast-safe-stringify-1.2.1.tgz#c4b2477dd585de4488aa6665d4acfae41462d999"

fastparallel@2.3.x:
  version "2.3.0"
  resolved "https://repo.savicontrols.com/fastparallel/-/fastparallel-2.3.0.tgz#1e709bfb6a03993f3857e3ce7f01311ce7602613"
  dependencies:
    reusify "^1.0.0"
    xtend "^4.0.1"

fastq@^1.5.0:
  version "1.5.0"
  resolved "https://repo.savicontrols.com/fastq/-/fastq-1.5.0.tgz#05e32ffb999ec2d945dda27461bf08941436448b"
  dependencies:
    reusify "^1.0.0"

fastseries@1.7.x:
  version "1.7.2"
  resolved "https://repo.savicontrols.com/fastseries/-/fastseries-1.7.2.tgz#d22ce13b9433dff3388d91dbd6b8bda9b21a0f4b"
  dependencies:
    reusify "^1.0.0"
    xtend "^4.0.0"

flatstr@^1.0.4:
  version "1.0.5"
  resolved "https://repo.savicontrols.com/flatstr/-/flatstr-1.0.5.tgz#5b451b08cbd48e2eac54a2bbe0bf46165aa14be3"

has-flag@^2.0.0:
  version "2.0.0"
  resolved "https://repo.savicontrols.com/has-flag/-/has-flag-2.0.0.tgz#e8207af1cc7b30d446cc70b734b5e8be18f88d51"

heavy@4.0.x:
  version "4.0.4"
  resolved "https://repo.savicontrols.com/heavy/-/heavy-4.0.4.tgz#36c91336c00ccfe852caa4d153086335cd2f00e9"
  dependencies:
    boom "5.x.x"
    hoek "4.x.x"
    joi "10.x.x"

hemera-joi@^2.0.1:
  version "2.0.1"
  resolved "https://repo.savicontrols.com/hemera-joi/-/hemera-joi-2.0.1.tgz#1ce04b0474165ad1484e2db2e316cbe1a019fe85"
  dependencies:
    hemera-plugin "^0.0.14"
    joi "10.6.x"

hemera-plugin@^0.0.14:
  version "0.0.14"
  resolved "https://repo.savicontrols.com/hemera-plugin/-/hemera-plugin-0.0.14.tgz#aa06ef914830d06d2aa2885a7033cb91f22d61c6"
  dependencies:
    semver "5.3.x"

hoek@4.2.x, hoek@4.x.x:
  version "4.2.0"
  resolved "https://repo.savicontrols.com/hoek/-/hoek-4.2.0.tgz#72d9d0754f7fe25ca2d01ad8f8f9a9449a89526d"

inherits@~2.0.3:
  version "2.0.3"
  resolved "https://repo.savicontrols.com/inherits/-/inherits-2.0.3.tgz#633c2c83e3da42a502f52466022480f4208261de"

isarray@~1.0.0:
  version "1.0.0"
  resolved "https://repo.savicontrols.com/isarray/-/isarray-1.0.0.tgz#bb935d48582cba168c06834957a54a3e07124f11"

isemail@2.x.x:
  version "2.2.1"
  resolved "https://repo.savicontrols.com/isemail/-/isemail-2.2.1.tgz#0353d3d9a62951080c262c2aa0a42b8ea8e9e2a6"

isemail@3.x.x:
  version "3.0.0"
  resolved "https://repo.savicontrols.com/isemail/-/isemail-3.0.0.tgz#c89a46bb7a3361e1759f8028f9082488ecce3dff"
  dependencies:
    punycode "2.x.x"

items@2.x.x:
  version "2.1.1"
  resolved "https://repo.savicontrols.com/items/-/items-2.1.1.tgz#8bd16d9c83b19529de5aea321acaada78364a198"

joi@10.6.x, joi@10.x.x, joi@^10.6.0:
  version "10.6.0"
  resolved "https://repo.savicontrols.com/joi/-/joi-10.6.0.tgz#52587f02d52b8b75cdb0c74f0b164a191a0e1fc2"
  dependencies:
    hoek "4.x.x"
    isemail "2.x.x"
    items "2.x.x"
    topo "2.x.x"

joi@11.1.x:
  version "11.1.1"
  resolved "https://repo.savicontrols.com/joi/-/joi-11.1.1.tgz#08194537d3b9c796bac8666deb3a825c1a5d83c1"
  dependencies:
    hoek "4.x.x"
    isemail "3.x.x"
    topo "2.x.x"

lodash@4.17.x:
  version "4.17.4"
  resolved "https://repo.savicontrols.com/lodash/-/lodash-4.17.4.tgz#78203a4d1c328ae1d86dca6460e369b57f4055ae"

ms@2.0.0:
  version "2.0.0"
  resolved "https://repo.savicontrols.com/ms/-/ms-2.0.0.tgz#5608aeadfc00be6c2901df5f9861788de0d597c8"

nats-hemera@^2.4.0:
  version "2.4.0"
  resolved "https://repo.savicontrols.com/nats-hemera/-/nats-hemera-2.4.0.tgz#eff5f684bdda058bcb6de1141aa023684fa17a1b"
  dependencies:
    avvio "3.0.x"
    bloomrun "4.0.x"
    errio "1.2.x"
    fast-safe-stringify "1.2.x"
    fastparallel "2.3.x"
    fastseries "1.7.x"
    heavy "4.0.x"
    hoek "4.2.x"
    joi "11.1.x"
    lodash "4.17.x"
    p-defer "1.0.x"
    pino "4.7.x"
    super-error "2.1.x"
    tinysonic "1.3.x"

nats@^0.7.24:
  version "0.7.24"
  resolved "https://repo.savicontrols.com/nats/-/nats-0.7.24.tgz#7d27687c2dbd8aa6058a990fee6cf5c1bdc87628"
  dependencies:
    nuid ">=0.6.8"

nuid@>=0.6.8:
  version "0.6.14"
  resolved "https://repo.savicontrols.com/nuid/-/nuid-0.6.14.tgz#a225c8b720e46c563ad8d13641368669f6c25b48"

once@^1.3.1, once@^1.4.0:
  version "1.4.0"
  resolved "https://repo.savicontrols.com/once/-/once-1.4.0.tgz#583b1aa775961d4b113ac17d9c50baef9dd76bd1"
  dependencies:
    wrappy "1"

p-defer@1.0.x:
  version "1.0.0"
  resolved "https://repo.savicontrols.com/p-defer/-/p-defer-1.0.0.tgz#9f6eb182f6c9aa8cd743004a7d4f96b196b0fb0c"

pino@4.7.x:
  version "4.7.3"
  resolved "https://repo.savicontrols.com/pino/-/pino-4.7.3.tgz#babb7fff1f9cf67c81b2a177fdd8035a59206485"
  dependencies:
    chalk "^2.0.1"
    fast-json-parse "^1.0.0"
    fast-safe-stringify "^1.1.11"
    flatstr "^1.0.4"
    pump "^1.0.2"
    quick-format-unescaped "^1.1.1"
    split2 "^2.0.1"

process-nextick-args@~1.0.6:
  version "1.0.7"
  resolved "https://repo.savicontrols.com/process-nextick-args/-/process-nextick-args-1.0.7.tgz#150e20b756590ad3f91093f25a4f2ad8bff30ba3"

pump@^1.0.2:
  version "1.0.2"
  resolved "https://repo.savicontrols.com/pump/-/pump-1.0.2.tgz#3b3ee6512f94f0e575538c17995f9f16990a5d51"
  dependencies:
    end-of-stream "^1.1.0"
    once "^1.3.1"

punycode@2.x.x:
  version "2.1.0"
  resolved "https://repo.savicontrols.com/punycode/-/punycode-2.1.0.tgz#5f863edc89b96db09074bad7947bf09056ca4e7d"

quick-format-unescaped@^1.1.1:
  version "1.1.1"
  resolved "https://repo.savicontrols.com/quick-format-unescaped/-/quick-format-unescaped-1.1.1.tgz#e77555ef3e66e105d4039e13ef79201284fee916"
  dependencies:
    fast-safe-stringify "^1.0.8"

readable-stream@^2.1.5:
  version "2.3.3"
  resolved "https://repo.savicontrols.com/readable-stream/-/readable-stream-2.3.3.tgz#368f2512d79f9d46fdfc71349ae7878bbc1eb95c"
  dependencies:
    core-util-is "~1.0.0"
    inherits "~2.0.3"
    isarray "~1.0.0"
    process-nextick-args "~1.0.6"
    safe-buffer "~5.1.1"
    string_decoder "~1.0.3"
    util-deprecate "~1.0.1"

reusify@^1.0.0:
  version "1.0.3"
  resolved "https://repo.savicontrols.com/reusify/-/reusify-1.0.3.tgz#9da7fc786f39400fd6809e3d694b3b28ecd0f38e"

safe-buffer@~5.1.0, safe-buffer@~5.1.1:
  version "5.1.1"
  resolved "https://repo.savicontrols.com/safe-buffer/-/safe-buffer-5.1.1.tgz#893312af69b2123def71f57889001671eeb2c853"

semver@5.3.x:
  version "5.3.0"
  resolved "https://repo.savicontrols.com/semver/-/semver-5.3.0.tgz#9b2ce5d3de02d17c6012ad326aa6b4d0cf54f94f"

sorted-array-functions@^1.0.0:
  version "1.0.0"
  resolved "https://repo.savicontrols.com/sorted-array-functions/-/sorted-array-functions-1.0.0.tgz#c0b554d9e709affcbe56d34c1b2514197fd38279"

split2@^2.0.1:
  version "2.2.0"
  resolved "https://repo.savicontrols.com/split2/-/split2-2.2.0.tgz#186b2575bcf83e85b7d18465756238ee4ee42493"
  dependencies:
    through2 "^2.0.2"

string_decoder@~1.0.3:
  version "1.0.3"
  resolved "https://repo.savicontrols.com/string_decoder/-/string_decoder-1.0.3.tgz#0fc67d7c141825de94282dd536bec6b9bce860ab"
  dependencies:
    safe-buffer "~5.1.0"

super-error@2.1.x:
  version "2.1.1"
  resolved "https://repo.savicontrols.com/super-error/-/super-error-2.1.1.tgz#3092dcc51486bbdd64325abeca5cd9697d162123"

supports-color@^4.0.0:
  version "4.5.0"
  resolved "https://repo.savicontrols.com/supports-color/-/supports-color-4.5.0.tgz#be7a0de484dec5c5cddf8b3d59125044912f635b"
  dependencies:
    has-flag "^2.0.0"

through2@^2.0.2:
  version "2.0.3"
  resolved "https://repo.savicontrols.com/through2/-/through2-2.0.3.tgz#0004569b37c7c74ba39c43f3ced78d1ad94140be"
  dependencies:
    readable-stream "^2.1.5"
    xtend "~4.0.1"

tinysonic@1.3.x:
  version "1.3.0"
  resolved "https://repo.savicontrols.com/tinysonic/-/tinysonic-1.3.0.tgz#3f453638501c099db59d17a3f5c1e2a4a9c6d85a"

topo@2.x.x:
  version "2.0.2"
  resolved "https://repo.savicontrols.com/topo/-/topo-2.0.2.tgz#cd5615752539057c0dc0491a621c3bc6fbe1d182"
  dependencies:
    hoek "4.x.x"

util-deprecate@~1.0.1:
  version "1.0.2"
  resolved "https://repo.savicontrols.com/util-deprecate/-/util-deprecate-1.0.2.tgz#450d4dc9fa70de732762fbd2d4a28981419a0ccf"

wrappy@1:
  version "1.0.2"
  resolved "https://repo.savicontrols.com/wrappy/-/wrappy-1.0.2.tgz#b5243d8f3ec1aa35f1364605bc0d1036e30ab69f"

xtend@^4.0.0, xtend@^4.0.1, xtend@~4.0.1:
  version "4.0.1"
  resolved "https://repo.savicontrols.com/xtend/-/xtend-4.0.1.tgz#a5c6d532be656e23db820efb943a1f04998d63af"
